
Microsoft Visual Studio Solution File, Format Version 12.00
# Visual Studio Version 17
VisualStudioVersion = 17.12.35707.178
MinimumVisualStudioVersion = 10.0.40219.1
Project("{FAE04EC0-301F-11D3-BF4B-00C04F79EFBC}") = "DigitalLibrary.Client", "DigitalLibrary.Client\DigitalLibrary.Client.csproj", "{9909AAD8-B297-483B-B7CB-DB33C5967809}"
EndProject
Project("{FAE04EC0-301F-11D3-BF4B-00C04F79EFBC}") = "DigitalLibrary.Server", "DigitalLibrary.Server\DigitalLibrary.Server.csproj", "{96CE1359-12A7-48BB-BD1A-7BD2080C5952}"
EndProject
Project("{FAE04EC0-301F-11D3-BF4B-00C04F79EFBC}") = "Shared", "DigitalLibrary.Shared\Shared.csproj", "{D481FC1E-A098-42E6-AF92-2C98914B1E58}"
EndProject
Global
	GlobalSection(SolutionConfigurationPlatforms) = preSolution
		Debug|Any CPU = Debug|Any CPU
		Debug|x64 = Debug|x64
		Debug|x86 = Debug|x86
		Release|Any CPU = Release|Any CPU
		Release|x64 = Release|x64
		Release|x86 = Release|x86
	EndGlobalSection
	GlobalSection(ProjectConfigurationPlatforms) = postSolution
		{9909AAD8-B297-483B-B7CB-DB33C5967809}.Debug|Any CPU.ActiveCfg = Debug|Any CPU
		{9909AAD8-B297-483B-B7CB-DB33C5967809}.Debug|Any CPU.Build.0 = Debug|Any CPU
		{9909AAD8-B297-483B-B7CB-DB33C5967809}.Debug|x64.ActiveCfg = Debug|Any CPU
		{9909AAD8-B297-483B-B7CB-DB33C5967809}.Debug|x64.Build.0 = Debug|Any CPU
		{9909AAD8-B297-483B-B7CB-DB33C5967809}.Debug|x86.ActiveCfg = Debug|Any CPU
		{9909AAD8-B297-483B-B7CB-DB33C5967809}.Debug|x86.Build.0 = Debug|Any CPU
		{9909AAD8-B297-483B-B7CB-DB33C5967809}.Release|Any CPU.ActiveCfg = Release|Any CPU
		{9909AAD8-B297-483B-B7CB-DB33C5967809}.Release|Any CPU.Build.0 = Release|Any CPU
		{9909AAD8-B297-483B-B7CB-DB33C5967809}.Release|x64.ActiveCfg = Release|Any CPU
		{9909AAD8-B297-483B-B7CB-DB33C5967809}.Release|x64.Build.0 = Release|Any CPU
		{9909AAD8-B297-483B-B7CB-DB33C5967809}.Release|x86.ActiveCfg = Release|Any CPU
		{9909AAD8-B297-483B-B7CB-DB33C5967809}.Release|x86.Build.0 = Release|Any CPU
		{96CE1359-12A7-48BB-BD1A-7BD2080C5952}.Debug|Any CPU.ActiveCfg = Debug|Any CPU
		{96CE1359-12A7-48BB-BD1A-7BD2080C5952}.Debug|Any CPU.Build.0 = Debug|Any CPU
		{96CE1359-12A7-48BB-BD1A-7BD2080C5952}.Debug|x64.ActiveCfg = Debug|Any CPU
		{96CE1359-12A7-48BB-BD1A-7BD2080C5952}.Debug|x64.Build.0 = Debug|Any CPU
		{96CE1359-12A7-48BB-BD1A-7BD2080C5952}.Debug|x86.ActiveCfg = Debug|Any CPU
		{96CE1359-12A7-48BB-BD1A-7BD2080C5952}.Debug|x86.Build.0 = Debug|Any CPU
		{96CE1359-12A7-48BB-BD1A-7BD2080C5952}.Release|Any CPU.ActiveCfg = Release|Any CPU
		{96CE1359-12A7-48BB-BD1A-7BD2080C5952}.Release|Any CPU.Build.0 = Release|Any CPU
		{96CE1359-12A7-48BB-BD1A-7BD2080C5952}.Release|x64.ActiveCfg = Release|Any CPU
		{96CE1359-12A7-48BB-BD1A-7BD2080C5952}.Release|x64.Build.0 = Release|Any CPU
		{96CE1359-12A7-48BB-BD1A-7BD2080C5952}.Release|x86.ActiveCfg = Release|Any CPU
		{96CE1359-12A7-48BB-BD1A-7BD2080C5952}.Release|x86.Build.0 = Release|Any CPU
		{D481FC1E-A098-42E6-AF92-2C98914B1E58}.Debug|Any CPU.ActiveCfg = Debug|Any CPU
		{D481FC1E-A098-42E6-AF92-2C98914B1E58}.Debug|Any CPU.Build.0 = Debug|Any CPU
		{D481FC1E-A098-42E6-AF92-2C98914B1E58}.Debug|x64.ActiveCfg = Debug|Any CPU
		{D481FC1E-A098-42E6-AF92-2C98914B1E58}.Debug|x64.Build.0 = Debug|Any CPU
		{D481FC1E-A098-42E6-AF92-2C98914B1E58}.Debug|x86.ActiveCfg = Debug|Any CPU
		{D481FC1E-A098-42E6-AF92-2C98914B1E58}.Debug|x86.Build.0 = Debug|Any CPU
		{D481FC1E-A098-42E6-AF92-2C98914B1E58}.Release|Any CPU.ActiveCfg = Release|Any CPU
		{D481FC1E-A098-42E6-AF92-2C98914B1E58}.Release|Any CPU.Build.0 = Release|Any CPU
		{D481FC1E-A098-42E6-AF92-2C98914B1E58}.Release|x64.ActiveCfg = Release|Any CPU
		{D481FC1E-A098-42E6-AF92-2C98914B1E58}.Release|x64.Build.0 = Release|Any CPU
		{D481FC1E-A098-42E6-AF92-2C98914B1E58}.Release|x86.ActiveCfg = Release|Any CPU
		{D481FC1E-A098-42E6-AF92-2C98914B1E58}.Release|x86.Build.0 = Release|Any CPU
	EndGlobalSection
	GlobalSection(SolutionProperties) = preSolution
		HideSolutionNode = FALSE
	EndGlobalSection
EndGlobal
